
Microsoft Visual Studio Solution File, Format Version 12.00
# Visual Studio Version 16
VisualStudioVersion = 16.0.31424.327
MinimumVisualStudioVersion = 10.0.40219.1
Project("{FAE04EC0-301F-11D3-BF4B-00C04F79EFBC}") = "ClientProxy-P4-115", "ClientProxy-P4-115\ClientProxy-P4-115.csproj", "{BB8B3D71-E9A3-4347-9BAF-AE02E631308E}"
EndProject
Global
	GlobalSection(SolutionConfigurationPlatforms) = preSolution
		Debug|Any CPU = Debug|Any CPU
		Release|Any CPU = Release|Any CPU
	EndGlobalSection
	GlobalSection(ProjectConfigurationPlatforms) = postSolution
		{BB8B3D71-E9A3-4347-9BAF-AE02E631308E}.Debug|Any CPU.ActiveCfg = Debug|Any CPU
		{BB8B3D71-E9A3-4347-9BAF-AE02E631308E}.Debug|Any CPU.Build.0 = Debug|Any CPU
		{BB8B3D71-E9A3-4347-9BAF-AE02E631308E}.Release|Any CPU.ActiveCfg = Release|Any CPU
		{BB8B3D71-E9A3-4347-9BAF-AE02E631308E}.Release|Any CPU.Build.0 = Release|Any CPU
	EndGlobalSection
	GlobalSection(SolutionProperties) = preSolution
		HideSolutionNode = FALSE
	EndGlobalSection
	GlobalSection(ExtensibilityGlobals) = postSolution
		SolutionGuid = {823F144C-0FFF-40E7-AE11-324CA926DEDA}
	EndGlobalSection
EndGlobal
